
Microsoft Visual Studio Solution File, Format Version 12.00
# Visual Studio Version 16
VisualStudioVersion = 16.0.30804.86
MinimumVisualStudioVersion = 10.0.40219.1
Project("{8BC9CEB8-8B4A-11D0-8D11-00A0C91BC942}") = "Game", "Game.vcxproj", "{264DB7E3-6703-4A63-B03E-DB16402F497A}"
	ProjectSection(ProjectDependencies) = postProject
		{87DAD312-C285-417C-9936-EF66B4577645} = {87DAD312-C285-417C-9936-EF66B4577645}
	EndProjectSection
EndProject
Project("{8BC9CEB8-8B4A-11D0-8D11-00A0C91BC942}") = "Engine", "..\..\Engine\project\Engine.vcxproj", "{87DAD312-C285-417C-9936-EF66B4577645}"
EndProject
Global
	GlobalSection(SolutionConfigurationPlatforms) = preSolution
		Debug|x64 = Debug|x64
		Release|x64 = Release|x64
	EndGlobalSection
	GlobalSection(ProjectConfigurationPlatforms) = postSolution
		{264DB7E3-6703-4A63-B03E-DB16402F497A}.Debug|x64.ActiveCfg = Debug|x64
		{264DB7E3-6703-4A63-B03E-DB16402F497A}.Debug|x64.Build.0 = Debug|x64
		{264DB7E3-6703-4A63-B03E-DB16402F497A}.Release|x64.ActiveCfg = Release|x64
		{264DB7E3-6703-4A63-B03E-DB16402F497A}.Release|x64.Build.0 = Release|x64
		{87DAD312-C285-417C-9936-EF66B4577645}.Debug|x64.ActiveCfg = Debug|x64
		{87DAD312-C285-417C-9936-EF66B4577645}.Debug|x64.Build.0 = Debug|x64
		{87DAD312-C285-417C-9936-EF66B4577645}.Release|x64.ActiveCfg = Release|x64
		{87DAD312-C285-417C-9936-EF66B4577645}.Release|x64.Build.0 = Release|x64
	EndGlobalSection
	GlobalSection(SolutionProperties) = preSolution
		HideSolutionNode = FALSE
	EndGlobalSection
	GlobalSection(ExtensibilityGlobals) = postSolution
		SolutionGuid = {25C3E82C-DE27-435A-AD39-455D2013C035}
	EndGlobalSection
EndGlobal
